
Microsoft Visual Studio Solution File, Format Version 12.00
# Visual Studio Version 17
VisualStudioVersion = 17.8.34316.72
MinimumVisualStudioVersion = 10.0.40219.1
Project("{FAE04EC0-301F-11D3-BF4B-00C04F79EFBC}") = "Test", "Test\Test.csproj", "{A8097C67-2ADB-43AD-948D-EA1FBB79807D}"
EndProject
Global
	GlobalSection(SolutionConfigurationPlatforms) = preSolution
		Debug|Any CPU = Debug|Any CPU
		Release|Any CPU = Release|Any CPU
	EndGlobalSection
	GlobalSection(ProjectConfigurationPlatforms) = postSolution
		{A8097C67-2ADB-43AD-948D-EA1FBB79807D}.Debug|Any CPU.ActiveCfg = Debug|Any CPU
		{A8097C67-2ADB-43AD-948D-EA1FBB79807D}.Debug|Any CPU.Build.0 = Debug|Any CPU
		{A8097C67-2ADB-43AD-948D-EA1FBB79807D}.Release|Any CPU.ActiveCfg = Release|Any CPU
		{A8097C67-2ADB-43AD-948D-EA1FBB79807D}.Release|Any CPU.Build.0 = Release|Any CPU
	EndGlobalSection
	GlobalSection(SolutionProperties) = preSolution
		HideSolutionNode = FALSE
	EndGlobalSection
	GlobalSection(ExtensibilityGlobals) = postSolution
		SolutionGuid = {F42DB4BF-F303-4BA2-84C0-ED3000D19D8A}
	EndGlobalSection
EndGlobal
